// !$*UTF8*$!
{
	archiveVersion = 1;
	classes = {
	};
	objectVersion = 50;
	objects = {

/* Begin PBXBuildFile section */
		28FAC667209992C300F526E4 /* AppDelegate.m in Sources */ = {isa = PBXBuildFile; fileRef = 28FAC666209992C300F526E4 /* AppDelegate.m */; };
		28FAC66A209992C300F526E4 /* MainViewController.m in Sources */ = {isa = PBXBuildFile; fileRef = 28FAC669209992C300F526E4 /* MainViewController.m */; };
		28FAC66F209992C400F526E4 /* Assets.xcassets in Resources */ = {isa = PBXBuildFile; fileRef = 28FAC66E209992C400F526E4 /* Assets.xcassets */; };
		28FAC672209992C400F526E4 /* LaunchScreen.storyboard in Resources */ = {isa = PBXBuildFile; fileRef = 28FAC670209992C400F526E4 /* LaunchScreen.storyboard */; };
		28FAC675209992C400F526E4 /* main.m in Sources */ = {isa = PBXBuildFile; fileRef = 28FAC674209992C400F526E4 /* main.m */; };
		28FAC6802099B2EE00F526E4 /* DYY_IAPTool.m in Sources */ = {isa = PBXBuildFile; fileRef = 28FAC67F2099B2EE00F526E4 /* DYY_IAPTool.m */; };
		28FAC68C209AF04800F526E4 /* SVRadialGradientLayer.m in Sources */ = {isa = PBXBuildFile; fileRef = 28FAC682209AF04800F526E4 /* SVRadialGradientLayer.m */; };
		28FAC68D209AF04800F526E4 /* SVProgressAnimatedView.m in Sources */ = {isa = PBXBuildFile; fileRef = 28FAC685209AF04800F526E4 /* SVProgressAnimatedView.m */; };
		28FAC68E209AF04800F526E4 /* SVProgressHUD.m in Sources */ = {isa = PBXBuildFile; fileRef = 28FAC688209AF04800F526E4 /* SVProgressHUD.m */; };
		28FAC68F209AF04800F526E4 /* SVIndefiniteAnimatedView.m in Sources */ = {isa = PBXBuildFile; fileRef = 28FAC689209AF04800F526E4 /* SVIndefiniteAnimatedView.m */; };
		28FAC690209AF04800F526E4 /* SVProgressHUD.bundle in Resources */ = {isa = PBXBuildFile; fileRef = 28FAC68A209AF04800F526E4 /* SVProgressHUD.bundle */; };
		28FAC694209B1CF800F526E4 /* StoreKit.framework in Frameworks */ = {isa = PBXBuildFile; fileRef = 28FAC693209B1CF800F526E4 /* StoreKit.framework */; };
/* End PBXBuildFile section */

/* Begin PBXFileReference section */
		28FAC662209992C300F526E4 /* IAP.app */ = {isa = PBXFileReference; explicitFileType = wrapper.application; includeInIndex = 0; path = IAP.app; sourceTree = BUILT_PRODUCTS_DIR; };
		28FAC665209992C300F526E4 /* AppDelegate.h */ = {isa = PBXFileReference; lastKnownFileType = sourcecode.c.h; path = AppDelegate.h; sourceTree = "<group>"; };
		28FAC666209992C300F526E4 /* AppDelegate.m */ = {isa = PBXFileReference; lastKnownFileType = sourcecode.c.objc; path = AppDelegate.m; sourceTree = "<group>"; };
		28FAC668209992C300F526E4 /* MainViewController.h */ = {isa = PBXFileReference; lastKnownFileType = sourcecode.c.h; path = MainViewController.h; sourceTree = "<group>"; };
		28FAC669209992C300F526E4 /* MainViewController.m */ = {isa = PBXFileReference; lastKnownFileType = sourcecode.c.objc; path = MainViewController.m; sourceTree = "<group>"; };
		28FAC66E209992C400F526E4 /* Assets.xcassets */ = {isa = PBXFileReference; lastKnownFileType = folder.assetcatalog; path = Assets.xcassets; sourceTree = "<group>"; };
		28FAC671209992C400F526E4 /* Base */ = {isa = PBXFileReference; lastKnownFileType = file.storyboard; name = Base; path = Base.lproj/LaunchScreen.storyboard; sourceTree = "<group>"; };
		28FAC673209992C400F526E4 /* Info.plist */ = {isa = PBXFileReference; lastKnownFileType = text.plist.xml; path = Info.plist; sourceTree = "<group>"; };
		28FAC674209992C400F526E4 /* main.m */ = {isa = PBXFileReference; lastKnownFileType = sourcecode.c.objc; path = main.m; sourceTree = "<group>"; };
		28FAC67E2099B2EE00F526E4 /* DYY_IAPTool.h */ = {isa = PBXFileReference; lastKnownFileType = sourcecode.c.h; path = DYY_IAPTool.h; sourceTree = "<group>"; };
		28FAC67F2099B2EE00F526E4 /* DYY_IAPTool.m */ = {isa = PBXFileReference; lastKnownFileType = sourcecode.c.objc; path = DYY_IAPTool.m; sourceTree = "<group>"; };
		28FAC682209AF04800F526E4 /* SVRadialGradientLayer.m */ = {isa = PBXFileReference; fileEncoding = 4; lastKnownFileType = sourcecode.c.objc; path = SVRadialGradientLayer.m; sourceTree = "<group>"; };
		28FAC683209AF04800F526E4 /* SVIndefiniteAnimatedView.h */ = {isa = PBXFileReference; fileEncoding = 4; lastKnownFileType = sourcecode.c.h; path = SVIndefiniteAnimatedView.h; sourceTree = "<group>"; };
		28FAC684209AF04800F526E4 /* SVProgressHUD.h */ = {isa = PBXFileReference; fileEncoding = 4; lastKnownFileType = sourcecode.c.h; path = SVProgressHUD.h; sourceTree = "<group>"; };
		28FAC685209AF04800F526E4 /* SVProgressAnimatedView.m */ = {isa = PBXFileReference; fileEncoding = 4; lastKnownFileType = sourcecode.c.objc; path = SVProgressAnimatedView.m; sourceTree = "<group>"; };
		28FAC686209AF04800F526E4 /* SVProgressHUD-Prefix.pch */ = {isa = PBXFileReference; fileEncoding = 4; lastKnownFileType = sourcecode.c.h; path = "SVProgressHUD-Prefix.pch"; sourceTree = "<group>"; };
		28FAC687209AF04800F526E4 /* SVRadialGradientLayer.h */ = {isa = PBXFileReference; fileEncoding = 4; lastKnownFileType = sourcecode.c.h; path = SVRadialGradientLayer.h; sourceTree = "<group>"; };
		28FAC688209AF04800F526E4 /* SVProgressHUD.m */ = {isa = PBXFileReference; fileEncoding = 4; lastKnownFileType = sourcecode.c.objc; path = SVProgressHUD.m; sourceTree = "<group>"; };
		28FAC689209AF04800F526E4 /* SVIndefiniteAnimatedView.m */ = {isa = PBXFileReference; fileEncoding = 4; lastKnownFileType = sourcecode.c.objc; path = SVIndefiniteAnimatedView.m; sourceTree = "<group>"; };
		28FAC68A209AF04800F526E4 /* SVProgressHUD.bundle */ = {isa = PBXFileReference; lastKnownFileType = "wrapper.plug-in"; path = SVProgressHUD.bundle; sourceTree = "<group>"; };
		28FAC68B209AF04800F526E4 /* SVProgressAnimatedView.h */ = {isa = PBXFileReference; fileEncoding = 4; lastKnownFileType = sourcecode.c.h; path = SVProgressAnimatedView.h; sourceTree = "<group>"; };
		28FAC693209B1CF800F526E4 /* StoreKit.framework */ = {isa = PBXFileReference; lastKnownFileType = wrapper.framework; name = StoreKit.framework; path = System/Library/Frameworks/StoreKit.framework; sourceTree = SDKROOT; };
		28FAC695209B1E4B00F526E4 /* StoreKit.framework */ = {isa = PBXFileReference; lastKnownFileType = wrapper.framework; name = StoreKit.framework; path = System/Library/Frameworks/StoreKit.framework; sourceTree = SDKROOT; };
/* End PBXFileReference section */

/* Begin PBXFrameworksBuildPhase section */
		28FAC65F209992C300F526E4 /* Frameworks */ = {
			isa = PBXFrameworksBuildPhase;
			buildActionMask = 2147483647;
			files = (
				28FAC694209B1CF800F526E4 /* StoreKit.framework in Frameworks */,
			);
			runOnlyForDeploymentPostprocessing = 0;
		};
/* End PBXFrameworksBuildPhase section */

/* Begin PBXGroup section */
		28FAC659209992C300F526E4 = {
			isa = PBXGroup;
			children = (
				28FAC695209B1E4B00F526E4 /* StoreKit.framework */,
				28FAC681209AF04800F526E4 /* SVProgressHUD */,
				28FAC664209992C300F526E4 /* IAP */,
				28FAC663209992C300F526E4 /* Products */,
				28FAC67B209992F800F526E4 /* Frameworks */,
			);
			sourceTree = "<group>";
		};
		28FAC663209992C300F526E4 /* Products */ = {
			isa = PBXGroup;
			children = (
				28FAC662209992C300F526E4 /* IAP.app */,
			);
			name = Products;
			sourceTree = "<group>";
		};
		28FAC664209992C300F526E4 /* IAP */ = {
			isa = PBXGroup;
			children = (
				28FAC665209992C300F526E4 /* AppDelegate.h */,
				28FAC666209992C300F526E4 /* AppDelegate.m */,
				28FAC668209992C300F526E4 /* MainViewController.h */,
				28FAC669209992C300F526E4 /* MainViewController.m */,
				28FAC67E2099B2EE00F526E4 /* DYY_IAPTool.h */,
				28FAC67F2099B2EE00F526E4 /* DYY_IAPTool.m */,
				28FAC66E209992C400F526E4 /* Assets.xcassets */,
				28FAC670209992C400F526E4 /* LaunchScreen.storyboard */,
				28FAC673209992C400F526E4 /* Info.plist */,
				28FAC674209992C400F526E4 /* main.m */,
			);
			path = IAP;
			sourceTree = "<group>";
		};
		28FAC67B209992F800F526E4 /* Frameworks */ = {
			isa = PBXGroup;
			children = (
				28FAC693209B1CF800F526E4 /* StoreKit.framework */,
			);
			name = Frameworks;
			sourceTree = "<group>";
		};
		28FAC681209AF04800F526E4 /* SVProgressHUD */ = {
			isa = PBXGroup;
			children = (
				28FAC682209AF04800F526E4 /* SVRadialGradientLayer.m */,
				28FAC683209AF04800F526E4 /* SVIndefiniteAnimatedView.h */,
				28FAC684209AF04800F526E4 /* SVProgressHUD.h */,
				28FAC685209AF04800F526E4 /* SVProgressAnimatedView.m */,
				28FAC686209AF04800F526E4 /* SVProgressHUD-Prefix.pch */,
				28FAC687209AF04800F526E4 /* SVRadialGradientLayer.h */,
				28FAC688209AF04800F526E4 /* SVProgressHUD.m */,
				28FAC689209AF04800F526E4 /* SVIndefiniteAnimatedView.m */,
				28FAC68A209AF04800F526E4 /* SVProgressHUD.bundle */,
				28FAC68B209AF04800F526E4 /* SVProgressAnimatedView.h */,
			);
			path = SVProgressHUD;
			sourceTree = "<group>";
		};
/* End PBXGroup section */

/* Begin PBXNativeTarget section */
		28FAC661209992C300F526E4 /* IAP */ = {
			isa = PBXNativeTarget;
			buildConfigurationList = 28FAC678209992C400F526E4 /* Build configuration list for PBXNativeTarget "IAP" */;
			buildPhases = (
				28FAC65E209992C300F526E4 /* Sources */,
				28FAC65F209992C300F526E4 /* Frameworks */,
				28FAC660209992C300F526E4 /* Resources */,
			);
			buildRules = (
			);
			dependencies = (
			);
			name = IAP;
			productName = IAP;
			productReference = 28FAC662209992C300F526E4 /* IAP.app */;
			productType = "com.apple.product-type.application";
		};
/* End PBXNativeTarget section */

/* Begin PBXProject section */
		28FAC65A209992C300F526E4 /* Project object */ = {
			isa = PBXProject;
			attributes = {
				LastUpgradeCheck = 0930;
				ORGANIZATIONNAME = dyy;
				TargetAttributes = {
					28FAC661209992C300F526E4 = {
						CreatedOnToolsVersion = 9.3;
						SystemCapabilities = {
							com.apple.InAppPurchase = {
								enabled = 1;
							};
						};
					};
				};
			};
			buildConfigurationList = 28FAC65D209992C300F526E4 /* Build configuration list for PBXProject "IAP" */;
			compatibilityVersion = "Xcode 9.3";
			developmentRegion = en;
			hasScannedForEncodings = 0;
			knownRegions = (
				en,
				Base,
			);
			mainGroup = 28FAC659209992C300F526E4;
			productRefGroup = 28FAC663209992C300F526E4 /* Products */;
			projectDirPath = "";
			projectRoot = "";
			targets = (
				28FAC661209992C300F526E4 /* IAP */,
			);
		};
/* End PBXProject section */

/* Begin PBXResourcesBuildPhase section */
		28FAC660209992C300F526E4 /* Resources */ = {
			isa = PBXResourcesBuildPhase;
			buildActionMask = 2147483647;
			files = (
				28FAC672209992C400F526E4 /* LaunchScreen.storyboard in Resources */,
				28FAC690209AF04800F526E4 /* SVProgressHUD.bundle in Resources */,
				28FAC66F209992C400F526E4 /* Assets.xcassets in Resources */,
			);
			runOnlyForDeploymentPostprocessing = 0;
		};
/* End PBXResourcesBuildPhase section */

/* Begin PBXSourcesBuildPhase section */
		28FAC65E209992C300F526E4 /* Sources */ = {
			isa = PBXSourcesBuildPhase;
			buildActionMask = 2147483647;
			files = (
				28FAC66A209992C300F526E4 /* MainViewController.m in Sources */,
				28FAC6802099B2EE00F526E4 /* DYY_IAPTool.m in Sources */,
				28FAC675209992C400F526E4 /* main.m in Sources */,
				28FAC68F209AF04800F526E4 /* SVIndefiniteAnimatedView.m in Sources */,
				28FAC68E209AF04800F526E4 /* SVProgressHUD.m in Sources */,
				28FAC667209992C300F526E4 /* AppDelegate.m in Sources */,
				28FAC68C209AF04800F526E4 /* SVRadialGradientLayer.m in Sources */,
				28FAC68D209AF04800F526E4 /* SVProgressAnimatedView.m in Sources */,
			);
			runOnlyForDeploymentPostprocessing = 0;
		};
/* End PBXSourcesBuildPhase section */

/* Begin PBXVariantGroup section */
		28FAC670209992C400F526E4 /* LaunchScreen.storyboard */ = {
			isa = PBXVariantGroup;
			children = (
				28FAC671209992C400F526E4 /* Base */,
			);
			name = LaunchScreen.storyboard;
			sourceTree = "<group>";
		};
/* End PBXVariantGroup section */

/* Begin XCBuildConfiguration section */
		28FAC676209992C400F526E4 /* Debug */ = {
			isa = XCBuildConfiguration;
			buildSettings = {
				ALWAYS_SEARCH_USER_PATHS = NO;
				CLANG_ANALYZER_NONNULL = YES;
				CLANG_ANALYZER_NUMBER_OBJECT_CONVERSION = YES_AGGRESSIVE;
				CLANG_CXX_LANGUAGE_STANDARD = "gnu++14";
				CLANG_CXX_LIBRARY = "libc++";
				CLANG_ENABLE_MODULES = YES;
				CLANG_ENABLE_OBJC_ARC = YES;
				CLANG_ENABLE_OBJC_WEAK = YES;
				CLANG_WARN_BLOCK_CAPTURE_AUTORELEASING = YES;
				CLANG_WARN_BOOL_CONVERSION = YES;
				CLANG_WARN_COMMA = YES;
				CLANG_WARN_CONSTANT_CONVERSION = YES;
				CLANG_WARN_DEPRECATED_OBJC_IMPLEMENTATIONS = YES;
				CLANG_WARN_DIRECT_OBJC_ISA_USAGE = YES_ERROR;
				CLANG_WARN_DOCUMENTATION_COMMENTS = YES;
				CLANG_WARN_EMPTY_BODY = YES;
				CLANG_WARN_ENUM_CONVERSION = YES;
				CLANG_WARN_INFINITE_RECURSION = YES;
				CLANG_WARN_INT_CONVERSION = YES;
				CLANG_WARN_NON_LITERAL_NULL_CONVERSION = YES;
				CLANG_WARN_OBJC_IMPLICIT_RETAIN_SELF = YES;
				CLANG_WARN_OBJC_LITERAL_CONVERSION = YES;
				CLANG_WARN_OBJC_ROOT_CLASS = YES_ERROR;
				CLANG_WARN_RANGE_LOOP_ANALYSIS = YES;
				CLANG_WARN_STRICT_PROTOTYPES = YES;
				CLANG_WARN_SUSPICIOUS_MOVE = YES;
				CLANG_WARN_UNGUARDED_AVAILABILITY = YES_AGGRESSIVE;
				CLANG_WARN_UNREACHABLE_CODE = YES;
				CLANG_WARN__DUPLICATE_METHOD_MATCH = YES;
				CODE_SIGN_IDENTITY = "iPhone Developer";
				COPY_PHASE_STRIP = NO;
				DEBUG_INFORMATION_FORMAT = dwarf;
				ENABLE_STRICT_OBJC_MSGSEND = YES;
				ENABLE_TESTABILITY = YES;
				GCC_C_LANGUAGE_STANDARD = gnu11;
				GCC_DYNAMIC_NO_PIC = NO;
				GCC_NO_COMMON_BLOCKS = YES;
				GCC_OPTIMIZATION_LEVEL = 0;
				GCC_PREPROCESSOR_DEFINITIONS = (
					"DEBUG=1",
					"$(inherited)",
				);
				GCC_WARN_64_TO_32_BIT_CONVERSION = YES;
				GCC_WARN_ABOUT_RETURN_TYPE = YES_ERROR;
				GCC_WARN_UNDECLARED_SELECTOR = YES;
				GCC_WARN_UNINITIALIZED_AUTOS = YES_AGGRESSIVE;
				GCC_WARN_UNUSED_FUNCTION = YES;
				GCC_WARN_UNUSED_VARIABLE = YES;
				IPHONEOS_DEPLOYMENT_TARGET = 11.3;
				MTL_ENABLE_DEBUG_INFO = YES;
				ONLY_ACTIVE_ARCH = YES;
				SDKROOT = iphoneos;
			};
			name = Debug;
		};
		28FAC677209992C400F526E4 /* Release */ = {
			isa = XCBuildConfiguration;
			buildSettings = {
				ALWAYS_SEARCH_USER_PATHS = NO;
				CLANG_ANALYZER_NONNULL = YES;
				CLANG_ANALYZER_NUMBER_OBJECT_CONVERSION = YES_AGGRESSIVE;
				CLANG_CXX_LANGUAGE_STANDARD = "gnu++14";
				CLANG_CXX_LIBRARY = "libc++";
				CLANG_ENABLE_MODULES = YES;
				CLANG_ENABLE_OBJC_ARC = YES;
				CLANG_ENABLE_OBJC_WEAK = YES;
				CLANG_WARN_BLOCK_CAPTURE_AUTORELEASING = YES;
				CLANG_WARN_BOOL_CONVERSION = YES;
				CLANG_WARN_COMMA = YES;
				CLANG_WARN_CONSTANT_CONVERSION = YES;
				CLANG_WARN_DEPRECATED_OBJC_IMPLEMENTATIONS = YES;
				CLANG_WARN_DIRECT_OBJC_ISA_USAGE = YES_ERROR;
				CLANG_WARN_DOCUMENTATION_COMMENTS = YES;
				CLANG_WARN_EMPTY_BODY = YES;
				CLANG_WARN_ENUM_CONVERSION = YES;
				CLANG_WARN_INFINITE_RECURSION = YES;
				CLANG_WARN_INT_CONVERSION = YES;
				CLANG_WARN_NON_LITERAL_NULL_CONVERSION = YES;
				CLANG_WARN_OBJC_IMPLICIT_RETAIN_SELF = YES;
				CLANG_WARN_OBJC_LITERAL_CONVERSION = YES;
				CLANG_WARN_OBJC_ROOT_CLASS = YES_ERROR;
				CLANG_WARN_RANGE_LOOP_ANALYSIS = YES;
				CLANG_WARN_STRICT_PROTOTYPES = YES;
				CLANG_WARN_SUSPICIOUS_MOVE = YES;
				CLANG_WARN_UNGUARDED_AVAILABILITY = YES_AGGRESSIVE;
				CLANG_WARN_UNREACHABLE_CODE = YES;
				CLANG_WARN__DUPLICATE_METHOD_MATCH = YES;
				CODE_SIGN_IDENTITY = "iPhone Developer";
				COPY_PHASE_STRIP = NO;
				DEBUG_INFORMATION_FORMAT = "dwarf-with-dsym";
				ENABLE_NS_ASSERTIONS = NO;
				ENABLE_STRICT_OBJC_MSGSEND = YES;
				GCC_C_LANGUAGE_STANDARD = gnu11;
				GCC_NO_COMMON_BLOCKS = YES;
				GCC_WARN_64_TO_32_BIT_CONVERSION = YES;
				GCC_WARN_ABOUT_RETURN_TYPE = YES_ERROR;
				GCC_WARN_UNDECLARED_SELECTOR = YES;
				GCC_WARN_UNINITIALIZED_AUTOS = YES_AGGRESSIVE;
				GCC_WARN_UNUSED_FUNCTION = YES;
				GCC_WARN_UNUSED_VARIABLE = YES;
				IPHONEOS_DEPLOYMENT_TARGET = 11.3;
				MTL_ENABLE_DEBUG_INFO = NO;
				SDKROOT = iphoneos;
				VALIDATE_PRODUCT = YES;
			};
			name = Release;
		};
		28FAC679209992C400F526E4 /* Debug */ = {
			isa = XCBuildConfiguration;
			buildSettings = {
				ASSETCATALOG_COMPILER_APPICON_NAME = AppIcon;
				CODE_SIGN_STYLE = Automatic;
				DEVELOPMENT_TEAM = 3284H893FZ;
				INFOPLIST_FILE = IAP/Info.plist;
				IPHONEOS_DEPLOYMENT_TARGET = 9.0;
				LD_RUNPATH_SEARCH_PATHS = (
					"$(inherited)",
					"@executable_path/Frameworks",
				);
				PRODUCT_BUNDLE_IDENTIFIER = com.dzc.iap;
				PRODUCT_NAME = "$(TARGET_NAME)";
				TARGETED_DEVICE_FAMILY = 1;
			};
			name = Debug;
		};
		28FAC67A209992C400F526E4 /* Release */ = {
			isa = XCBuildConfiguration;
			buildSettings = {
				ASSETCATALOG_COMPILER_APPICON_NAME = AppIcon;
				CODE_SIGN_STYLE = Automatic;
				DEVELOPMENT_TEAM = 3284H893FZ;
				INFOPLIST_FILE = IAP/Info.plist;
				IPHONEOS_DEPLOYMENT_TARGET = 9.0;
				LD_RUNPATH_SEARCH_PATHS = (
					"$(inherited)",
					"@executable_path/Frameworks",
				);
				PRODUCT_BUNDLE_IDENTIFIER = com.dzc.iap;
				PRODUCT_NAME = "$(TARGET_NAME)";
				TARGETED_DEVICE_FAMILY = 1;
			};
			name = Release;
		};
/* End XCBuildConfiguration section */

/* Begin XCConfigurationList section */
		28FAC65D209992C300F526E4 /* Build configuration list for PBXProject "IAP" */ = {
			isa = XCConfigurationList;
			buildConfigurations = (
				28FAC676209992C400F526E4 /* Debug */,
				28FAC677209992C400F526E4 /* Release */,
			);
			defaultConfigurationIsVisible = 0;
			defaultConfigurationName = Release;
		};
		28FAC678209992C400F526E4 /* Build configuration list for PBXNativeTarget "IAP" */ = {
			isa = XCConfigurationList;
			buildConfigurations = (
				28FAC679209992C400F526E4 /* Debug */,
				28FAC67A209992C400F526E4 /* Release */,
			);
			defaultConfigurationIsVisible = 0;
			defaultConfigurationName = Release;
		};
/* End XCConfigurationList section */
	};
	rootObject = 28FAC65A209992C300F526E4 /* Project object */;
}
